
Microsoft Visual Studio Solution File, Format Version 12.00
# Visual Studio Version 16
VisualStudioVersion = 16.0.30523.141
MinimumVisualStudioVersion = 10.0.40219.1
Project("{FAE04EC0-301F-11D3-BF4B-00C04F79EFBC}") = "Bank account Management Sytem", "Bank account Management Sytem\Bank account Management Sytem.csproj", "{8A30C51F-4665-4805-877B-83AF7166222F}"
EndProject
Global
	GlobalSection(SolutionConfigurationPlatforms) = preSolution
		Debug|Any CPU = Debug|Any CPU
		Release|Any CPU = Release|Any CPU
	EndGlobalSection
	GlobalSection(ProjectConfigurationPlatforms) = postSolution
		{8A30C51F-4665-4805-877B-83AF7166222F}.Debug|Any CPU.ActiveCfg = Debug|Any CPU
		{8A30C51F-4665-4805-877B-83AF7166222F}.Debug|Any CPU.Build.0 = Debug|Any CPU
		{8A30C51F-4665-4805-877B-83AF7166222F}.Release|Any CPU.ActiveCfg = Release|Any CPU
		{8A30C51F-4665-4805-877B-83AF7166222F}.Release|Any CPU.Build.0 = Release|Any CPU
	EndGlobalSection
	GlobalSection(SolutionProperties) = preSolution
		HideSolutionNode = FALSE
	EndGlobalSection
	GlobalSection(ExtensibilityGlobals) = postSolution
		SolutionGuid = {F41F3EDF-2D1D-41F7-84E1-0C1E86013104}
	EndGlobalSection
EndGlobal
